// !$*UTF8*$!
{
	archiveVersion = 1;
	classes = {
	};
	objectVersion = 48;
	objects = {

/* Begin PBXBuildFile section */
		22988778EE37F6F64F4D7D37 /* Pods_LMBeeHiveMainProject.framework in Frameworks */ = {isa = PBXBuildFile; fileRef = 0CF3DFCDB3CACB84A8CF4833 /* Pods_LMBeeHiveMainProject.framework */; };
		F771347020187EC300987952 /* AppDelegate.m in Sources */ = {isa = PBXBuildFile; fileRef = F771346F20187EC300987952 /* AppDelegate.m */; };
		F771347320187EC300987952 /* ViewController.m in Sources */ = {isa = PBXBuildFile; fileRef = F771347220187EC300987952 /* ViewController.m */; };
		F771347620187EC300987952 /* Main.storyboard in Resources */ = {isa = PBXBuildFile; fileRef = F771347420187EC300987952 /* Main.storyboard */; };
		F771347820187EC300987952 /* Assets.xcassets in Resources */ = {isa = PBXBuildFile; fileRef = F771347720187EC300987952 /* Assets.xcassets */; };
		F771347B20187EC300987952 /* LaunchScreen.storyboard in Resources */ = {isa = PBXBuildFile; fileRef = F771347920187EC300987952 /* LaunchScreen.storyboard */; };
		F771347E20187EC300987952 /* main.m in Sources */ = {isa = PBXBuildFile; fileRef = F771347D20187EC300987952 /* main.m */; };
		F771348A201986B200987952 /* LMAppDelegate.m in Sources */ = {isa = PBXBuildFile; fileRef = F7713489201986B200987952 /* LMAppDelegate.m */; };
/* End PBXBuildFile section */

/* Begin PBXFileReference section */
		0CF3DFCDB3CACB84A8CF4833 /* Pods_LMBeeHiveMainProject.framework */ = {isa = PBXFileReference; explicitFileType = wrapper.framework; includeInIndex = 0; path = Pods_LMBeeHiveMainProject.framework; sourceTree = BUILT_PRODUCTS_DIR; };
		48E79FAB9A02357D43860FB7 /* Pods-LMBeeHiveMainProject.release.xcconfig */ = {isa = PBXFileReference; includeInIndex = 1; lastKnownFileType = text.xcconfig; name = "Pods-LMBeeHiveMainProject.release.xcconfig"; path = "Pods/Target Support Files/Pods-LMBeeHiveMainProject/Pods-LMBeeHiveMainProject.release.xcconfig"; sourceTree = "<group>"; };
		8461F8F0B9A64434C263D2A1 /* Pods-LMBeeHiveMainProject.debug.xcconfig */ = {isa = PBXFileReference; includeInIndex = 1; lastKnownFileType = text.xcconfig; name = "Pods-LMBeeHiveMainProject.debug.xcconfig"; path = "Pods/Target Support Files/Pods-LMBeeHiveMainProject/Pods-LMBeeHiveMainProject.debug.xcconfig"; sourceTree = "<group>"; };
		F771346B20187EC300987952 /* LMBeeHiveMainProject.app */ = {isa = PBXFileReference; explicitFileType = wrapper.application; includeInIndex = 0; path = LMBeeHiveMainProject.app; sourceTree = BUILT_PRODUCTS_DIR; };
		F771346E20187EC300987952 /* AppDelegate.h */ = {isa = PBXFileReference; lastKnownFileType = sourcecode.c.h; path = AppDelegate.h; sourceTree = "<group>"; };
		F771346F20187EC300987952 /* AppDelegate.m */ = {isa = PBXFileReference; lastKnownFileType = sourcecode.c.objc; path = AppDelegate.m; sourceTree = "<group>"; };
		F771347120187EC300987952 /* ViewController.h */ = {isa = PBXFileReference; lastKnownFileType = sourcecode.c.h; path = ViewController.h; sourceTree = "<group>"; };
		F771347220187EC300987952 /* ViewController.m */ = {isa = PBXFileReference; lastKnownFileType = sourcecode.c.objc; path = ViewController.m; sourceTree = "<group>"; };
		F771347520187EC300987952 /* Base */ = {isa = PBXFileReference; lastKnownFileType = file.storyboard; name = Base; path = Base.lproj/Main.storyboard; sourceTree = "<group>"; };
		F771347720187EC300987952 /* Assets.xcassets */ = {isa = PBXFileReference; lastKnownFileType = folder.assetcatalog; path = Assets.xcassets; sourceTree = "<group>"; };
		F771347A20187EC300987952 /* Base */ = {isa = PBXFileReference; lastKnownFileType = file.storyboard; name = Base; path = Base.lproj/LaunchScreen.storyboard; sourceTree = "<group>"; };
		F771347C20187EC300987952 /* Info.plist */ = {isa = PBXFileReference; lastKnownFileType = text.plist.xml; path = Info.plist; sourceTree = "<group>"; };
		F771347D20187EC300987952 /* main.m */ = {isa = PBXFileReference; lastKnownFileType = sourcecode.c.objc; path = main.m; sourceTree = "<group>"; };
		F7713488201986B200987952 /* LMAppDelegate.h */ = {isa = PBXFileReference; lastKnownFileType = sourcecode.c.h; path = LMAppDelegate.h; sourceTree = "<group>"; };
		F7713489201986B200987952 /* LMAppDelegate.m */ = {isa = PBXFileReference; lastKnownFileType = sourcecode.c.objc; path = LMAppDelegate.m; sourceTree = "<group>"; };
/* End PBXFileReference section */

/* Begin PBXFrameworksBuildPhase section */
		F771346820187EC300987952 /* Frameworks */ = {
			isa = PBXFrameworksBuildPhase;
			buildActionMask = 2147483647;
			files = (
				22988778EE37F6F64F4D7D37 /* Pods_LMBeeHiveMainProject.framework in Frameworks */,
			);
			runOnlyForDeploymentPostprocessing = 0;
		};
/* End PBXFrameworksBuildPhase section */

/* Begin PBXGroup section */
		3A45E77786D5A2AE7469D6BD /* Frameworks */ = {
			isa = PBXGroup;
			children = (
				0CF3DFCDB3CACB84A8CF4833 /* Pods_LMBeeHiveMainProject.framework */,
			);
			name = Frameworks;
			sourceTree = "<group>";
		};
		56263D465AC4A3E4718ED250 /* Pods */ = {
			isa = PBXGroup;
			children = (
				8461F8F0B9A64434C263D2A1 /* Pods-LMBeeHiveMainProject.debug.xcconfig */,
				48E79FAB9A02357D43860FB7 /* Pods-LMBeeHiveMainProject.release.xcconfig */,
			);
			name = Pods;
			sourceTree = "<group>";
		};
		F771346220187EC300987952 = {
			isa = PBXGroup;
			children = (
				F771346D20187EC300987952 /* LMBeeHiveMainProject */,
				F771346C20187EC300987952 /* Products */,
				56263D465AC4A3E4718ED250 /* Pods */,
				3A45E77786D5A2AE7469D6BD /* Frameworks */,
			);
			sourceTree = "<group>";
		};
		F771346C20187EC300987952 /* Products */ = {
			isa = PBXGroup;
			children = (
				F771346B20187EC300987952 /* LMBeeHiveMainProject.app */,
			);
			name = Products;
			sourceTree = "<group>";
		};
		F771346D20187EC300987952 /* LMBeeHiveMainProject */ = {
			isa = PBXGroup;
			children = (
				F771346E20187EC300987952 /* AppDelegate.h */,
				F771346F20187EC300987952 /* AppDelegate.m */,
				F7713488201986B200987952 /* LMAppDelegate.h */,
				F7713489201986B200987952 /* LMAppDelegate.m */,
				F771347120187EC300987952 /* ViewController.h */,
				F771347220187EC300987952 /* ViewController.m */,
				F771347420187EC300987952 /* Main.storyboard */,
				F771347720187EC300987952 /* Assets.xcassets */,
				F771347920187EC300987952 /* LaunchScreen.storyboard */,
				F771347C20187EC300987952 /* Info.plist */,
				F771347D20187EC300987952 /* main.m */,
			);
			path = LMBeeHiveMainProject;
			sourceTree = "<group>";
		};
/* End PBXGroup section */

/* Begin PBXNativeTarget section */
		F771346A20187EC300987952 /* LMBeeHiveMainProject */ = {
			isa = PBXNativeTarget;
			buildConfigurationList = F771348120187EC300987952 /* Build configuration list for PBXNativeTarget "LMBeeHiveMainProject" */;
			buildPhases = (
				5648143C87F58CA74744D13F /* [CP] Check Pods Manifest.lock */,
				F771346720187EC300987952 /* Sources */,
				F771346820187EC300987952 /* Frameworks */,
				F771346920187EC300987952 /* Resources */,
				98831FE42D4CC3FE1343E2C3 /* [CP] Embed Pods Frameworks */,
				83A72A607F1F43BB24325E5D /* [CP] Copy Pods Resources */,
			);
			buildRules = (
			);
			dependencies = (
			);
			name = LMBeeHiveMainProject;
			productName = LMBeeHiveMainProject;
			productReference = F771346B20187EC300987952 /* LMBeeHiveMainProject.app */;
			productType = "com.apple.product-type.application";
		};
/* End PBXNativeTarget section */

/* Begin PBXProject section */
		F771346320187EC300987952 /* Project object */ = {
			isa = PBXProject;
			attributes = {
				LastUpgradeCheck = 0900;
				ORGANIZATIONNAME = "Lemon Fan";
				TargetAttributes = {
					F771346A20187EC300987952 = {
						CreatedOnToolsVersion = 9.0;
						ProvisioningStyle = Manual;
					};
				};
			};
			buildConfigurationList = F771346620187EC300987952 /* Build configuration list for PBXProject "LMBeeHiveMainProject" */;
			compatibilityVersion = "Xcode 8.0";
			developmentRegion = en;
			hasScannedForEncodings = 0;
			knownRegions = (
				en,
				Base,
			);
			mainGroup = F771346220187EC300987952;
			productRefGroup = F771346C20187EC300987952 /* Products */;
			projectDirPath = "";
			projectRoot = "";
			targets = (
				F771346A20187EC300987952 /* LMBeeHiveMainProject */,
			);
		};
/* End PBXProject section */

/* Begin PBXResourcesBuildPhase section */
		F771346920187EC300987952 /* Resources */ = {
			isa = PBXResourcesBuildPhase;
			buildActionMask = 2147483647;
			files = (
				F771347B20187EC300987952 /* LaunchScreen.storyboard in Resources */,
				F771347820187EC300987952 /* Assets.xcassets in Resources */,
				F771347620187EC300987952 /* Main.storyboard in Resources */,
			);
			runOnlyForDeploymentPostprocessing = 0;
		};
/* End PBXResourcesBuildPhase section */

/* Begin PBXShellScriptBuildPhase section */
		5648143C87F58CA74744D13F /* [CP] Check Pods Manifest.lock */ = {
			isa = PBXShellScriptBuildPhase;
			buildActionMask = 2147483647;
			files = (
			);
			inputPaths = (
				"${PODS_PODFILE_DIR_PATH}/Podfile.lock",
				"${PODS_ROOT}/Manifest.lock",
			);
			name = "[CP] Check Pods Manifest.lock";
			outputPaths = (
				"$(DERIVED_FILE_DIR)/Pods-LMBeeHiveMainProject-checkManifestLockResult.txt",
			);
			runOnlyForDeploymentPostprocessing = 0;
			shellPath = /bin/sh;
			shellScript = "diff \"${PODS_PODFILE_DIR_PATH}/Podfile.lock\" \"${PODS_ROOT}/Manifest.lock\" > /dev/null\nif [ $? != 0 ] ; then\n    # print error to STDERR\n    echo \"error: The sandbox is not in sync with the Podfile.lock. Run 'pod install' or update your CocoaPods installation.\" >&2\n    exit 1\nfi\n# This output is used by Xcode 'outputs' to avoid re-running this script phase.\necho \"SUCCESS\" > \"${SCRIPT_OUTPUT_FILE_0}\"\n";
			showEnvVarsInLog = 0;
		};
		83A72A607F1F43BB24325E5D /* [CP] Copy Pods Resources */ = {
			isa = PBXShellScriptBuildPhase;
			buildActionMask = 2147483647;
			files = (
			);
			inputPaths = (
				"${SRCROOT}/Pods/Target Support Files/Pods-LMBeeHiveMainProject/Pods-LMBeeHiveMainProject-resources.sh",
				"${PODS_ROOT}/BeeHive/BeeHive/BeeHive.bundle",
			);
			name = "[CP] Copy Pods Resources";
			outputPaths = (
				"${TARGET_BUILD_DIR}/${UNLOCALIZED_RESOURCES_FOLDER_PATH}",
			);
			runOnlyForDeploymentPostprocessing = 0;
			shellPath = /bin/sh;
			shellScript = "\"${SRCROOT}/Pods/Target Support Files/Pods-LMBeeHiveMainProject/Pods-LMBeeHiveMainProject-resources.sh\"\n";
			showEnvVarsInLog = 0;
		};
		98831FE42D4CC3FE1343E2C3 /* [CP] Embed Pods Frameworks */ = {
			isa = PBXShellScriptBuildPhase;
			buildActionMask = 2147483647;
			files = (
			);
			inputPaths = (
				"${SRCROOT}/Pods/Target Support Files/Pods-LMBeeHiveMainProject/Pods-LMBeeHiveMainProject-frameworks.sh",
				"${BUILT_PRODUCTS_DIR}/BeeHive/BeeHive.framework",
				"${BUILT_PRODUCTS_DIR}/LMHomeModule/LMHomeModule.framework",
				"${BUILT_PRODUCTS_DIR}/LMUserModule/LMUserModule.framework",
			);
			name = "[CP] Embed Pods Frameworks";
			outputPaths = (
				"${TARGET_BUILD_DIR}/${FRAMEWORKS_FOLDER_PATH}/BeeHive.framework",
				"${TARGET_BUILD_DIR}/${FRAMEWORKS_FOLDER_PATH}/LMHomeModule.framework",
				"${TARGET_BUILD_DIR}/${FRAMEWORKS_FOLDER_PATH}/LMUserModule.framework",
			);
			runOnlyForDeploymentPostprocessing = 0;
			shellPath = /bin/sh;
			shellScript = "\"${SRCROOT}/Pods/Target Support Files/Pods-LMBeeHiveMainProject/Pods-LMBeeHiveMainProject-frameworks.sh\"\n";
			showEnvVarsInLog = 0;
		};
/* End PBXShellScriptBuildPhase section */

/* Begin PBXSourcesBuildPhase section */
		F771346720187EC300987952 /* Sources */ = {
			isa = PBXSourcesBuildPhase;
			buildActionMask = 2147483647;
			files = (
				F771347320187EC300987952 /* ViewController.m in Sources */,
				F771347E20187EC300987952 /* main.m in Sources */,
				F771347020187EC300987952 /* AppDelegate.m in Sources */,
				F771348A201986B200987952 /* LMAppDelegate.m in Sources */,
			);
			runOnlyForDeploymentPostprocessing = 0;
		};
/* End PBXSourcesBuildPhase section */

/* Begin PBXVariantGroup section */
		F771347420187EC300987952 /* Main.storyboard */ = {
			isa = PBXVariantGroup;
			children = (
				F771347520187EC300987952 /* Base */,
			);
			name = Main.storyboard;
			sourceTree = "<group>";
		};
		F771347920187EC300987952 /* LaunchScreen.storyboard */ = {
			isa = PBXVariantGroup;
			children = (
				F771347A20187EC300987952 /* Base */,
			);
			name = LaunchScreen.storyboard;
			sourceTree = "<group>";
		};
/* End PBXVariantGroup section */

/* Begin XCBuildConfiguration section */
		F771347F20187EC300987952 /* Debug */ = {
			isa = XCBuildConfiguration;
			buildSettings = {
				ALWAYS_SEARCH_USER_PATHS = NO;
				CLANG_ANALYZER_NONNULL = YES;
				CLANG_ANALYZER_NUMBER_OBJECT_CONVERSION = YES_AGGRESSIVE;
				CLANG_CXX_LANGUAGE_STANDARD = "gnu++14";
				CLANG_CXX_LIBRARY = "libc++";
				CLANG_ENABLE_MODULES = YES;
				CLANG_ENABLE_OBJC_ARC = YES;
				CLANG_WARN_BLOCK_CAPTURE_AUTORELEASING = YES;
				CLANG_WARN_BOOL_CONVERSION = YES;
				CLANG_WARN_COMMA = YES;
				CLANG_WARN_CONSTANT_CONVERSION = YES;
				CLANG_WARN_DIRECT_OBJC_ISA_USAGE = YES_ERROR;
				CLANG_WARN_DOCUMENTATION_COMMENTS = YES;
				CLANG_WARN_EMPTY_BODY = YES;
				CLANG_WARN_ENUM_CONVERSION = YES;
				CLANG_WARN_INFINITE_RECURSION = YES;
				CLANG_WARN_INT_CONVERSION = YES;
				CLANG_WARN_NON_LITERAL_NULL_CONVERSION = YES;
				CLANG_WARN_OBJC_LITERAL_CONVERSION = YES;
				CLANG_WARN_OBJC_ROOT_CLASS = YES_ERROR;
				CLANG_WARN_RANGE_LOOP_ANALYSIS = YES;
				CLANG_WARN_STRICT_PROTOTYPES = YES;
				CLANG_WARN_SUSPICIOUS_MOVE = YES;
				CLANG_WARN_UNGUARDED_AVAILABILITY = YES_AGGRESSIVE;
				CLANG_WARN_UNREACHABLE_CODE = YES;
				CLANG_WARN__DUPLICATE_METHOD_MATCH = YES;
				CODE_SIGN_IDENTITY = "iPhone Developer";
				COPY_PHASE_STRIP = NO;
				DEBUG_INFORMATION_FORMAT = dwarf;
				ENABLE_STRICT_OBJC_MSGSEND = YES;
				ENABLE_TESTABILITY = YES;
				GCC_C_LANGUAGE_STANDARD = gnu11;
				GCC_DYNAMIC_NO_PIC = NO;
				GCC_NO_COMMON_BLOCKS = YES;
				GCC_OPTIMIZATION_LEVEL = 0;
				GCC_PREPROCESSOR_DEFINITIONS = (
					"DEBUG=1",
					"$(inherited)",
				);
				GCC_WARN_64_TO_32_BIT_CONVERSION = YES;
				GCC_WARN_ABOUT_RETURN_TYPE = YES_ERROR;
				GCC_WARN_UNDECLARED_SELECTOR = YES;
				GCC_WARN_UNINITIALIZED_AUTOS = YES_AGGRESSIVE;
				GCC_WARN_UNUSED_FUNCTION = YES;
				GCC_WARN_UNUSED_VARIABLE = YES;
				IPHONEOS_DEPLOYMENT_TARGET = 11.0;
				MTL_ENABLE_DEBUG_INFO = YES;
				ONLY_ACTIVE_ARCH = YES;
				SDKROOT = iphoneos;
			};
			name = Debug;
		};
		F771348020187EC300987952 /* Release */ = {
			isa = XCBuildConfiguration;
			buildSettings = {
				ALWAYS_SEARCH_USER_PATHS = NO;
				CLANG_ANALYZER_NONNULL = YES;
				CLANG_ANALYZER_NUMBER_OBJECT_CONVERSION = YES_AGGRESSIVE;
				CLANG_CXX_LANGUAGE_STANDARD = "gnu++14";
				CLANG_CXX_LIBRARY = "libc++";
				CLANG_ENABLE_MODULES = YES;
				CLANG_ENABLE_OBJC_ARC = YES;
				CLANG_WARN_BLOCK_CAPTURE_AUTORELEASING = YES;
				CLANG_WARN_BOOL_CONVERSION = YES;
				CLANG_WARN_COMMA = YES;
				CLANG_WARN_CONSTANT_CONVERSION = YES;
				CLANG_WARN_DIRECT_OBJC_ISA_USAGE = YES_ERROR;
				CLANG_WARN_DOCUMENTATION_COMMENTS = YES;
				CLANG_WARN_EMPTY_BODY = YES;
				CLANG_WARN_ENUM_CONVERSION = YES;
				CLANG_WARN_INFINITE_RECURSION = YES;
				CLANG_WARN_INT_CONVERSION = YES;
				CLANG_WARN_NON_LITERAL_NULL_CONVERSION = YES;
				CLANG_WARN_OBJC_LITERAL_CONVERSION = YES;
				CLANG_WARN_OBJC_ROOT_CLASS = YES_ERROR;
				CLANG_WARN_RANGE_LOOP_ANALYSIS = YES;
				CLANG_WARN_STRICT_PROTOTYPES = YES;
				CLANG_WARN_SUSPICIOUS_MOVE = YES;
				CLANG_WARN_UNGUARDED_AVAILABILITY = YES_AGGRESSIVE;
				CLANG_WARN_UNREACHABLE_CODE = YES;
				CLANG_WARN__DUPLICATE_METHOD_MATCH = YES;
				CODE_SIGN_IDENTITY = "iPhone Developer";
				COPY_PHASE_STRIP = NO;
				DEBUG_INFORMATION_FORMAT = "dwarf-with-dsym";
				ENABLE_NS_ASSERTIONS = NO;
				ENABLE_STRICT_OBJC_MSGSEND = YES;
				GCC_C_LANGUAGE_STANDARD = gnu11;
				GCC_NO_COMMON_BLOCKS = YES;
				GCC_WARN_64_TO_32_BIT_CONVERSION = YES;
				GCC_WARN_ABOUT_RETURN_TYPE = YES_ERROR;
				GCC_WARN_UNDECLARED_SELECTOR = YES;
				GCC_WARN_UNINITIALIZED_AUTOS = YES_AGGRESSIVE;
				GCC_WARN_UNUSED_FUNCTION = YES;
				GCC_WARN_UNUSED_VARIABLE = YES;
				IPHONEOS_DEPLOYMENT_TARGET = 11.0;
				MTL_ENABLE_DEBUG_INFO = NO;
				SDKROOT = iphoneos;
				VALIDATE_PRODUCT = YES;
			};
			name = Release;
		};
		F771348220187EC300987952 /* Debug */ = {
			isa = XCBuildConfiguration;
			baseConfigurationReference = 8461F8F0B9A64434C263D2A1 /* Pods-LMBeeHiveMainProject.debug.xcconfig */;
			buildSettings = {
				ASSETCATALOG_COMPILER_APPICON_NAME = AppIcon;
				CODE_SIGN_STYLE = Manual;
				DEVELOPMENT_TEAM = "";
				INFOPLIST_FILE = LMBeeHiveMainProject/Info.plist;
				LD_RUNPATH_SEARCH_PATHS = "$(inherited) @executable_path/Frameworks";
				PRODUCT_BUNDLE_IDENTIFIER = lemon.LMBeeHiveMainProject;
				PRODUCT_NAME = "$(TARGET_NAME)";
				PROVISIONING_PROFILE_SPECIFIER = "";
				TARGETED_DEVICE_FAMILY = "1,2";
			};
			name = Debug;
		};
		F771348320187EC300987952 /* Release */ = {
			isa = XCBuildConfiguration;
			baseConfigurationReference = 48E79FAB9A02357D43860FB7 /* Pods-LMBeeHiveMainProject.release.xcconfig */;
			buildSettings = {
				ASSETCATALOG_COMPILER_APPICON_NAME = AppIcon;
				CODE_SIGN_STYLE = Manual;
				DEVELOPMENT_TEAM = "";
				INFOPLIST_FILE = LMBeeHiveMainProject/Info.plist;
				LD_RUNPATH_SEARCH_PATHS = "$(inherited) @executable_path/Frameworks";
				PRODUCT_BUNDLE_IDENTIFIER = lemon.LMBeeHiveMainProject;
				PRODUCT_NAME = "$(TARGET_NAME)";
				PROVISIONING_PROFILE_SPECIFIER = "";
				TARGETED_DEVICE_FAMILY = "1,2";
			};
			name = Release;
		};
/* End XCBuildConfiguration section */

/* Begin XCConfigurationList section */
		F771346620187EC300987952 /* Build configuration list for PBXProject "LMBeeHiveMainProject" */ = {
			isa = XCConfigurationList;
			buildConfigurations = (
				F771347F20187EC300987952 /* Debug */,
				F771348020187EC300987952 /* Release */,
			);
			defaultConfigurationIsVisible = 0;
			defaultConfigurationName = Release;
		};
		F771348120187EC300987952 /* Build configuration list for PBXNativeTarget "LMBeeHiveMainProject" */ = {
			isa = XCConfigurationList;
			buildConfigurations = (
				F771348220187EC300987952 /* Debug */,
				F771348320187EC300987952 /* Release */,
			);
			defaultConfigurationIsVisible = 0;
			defaultConfigurationName = Release;
		};
/* End XCConfigurationList section */
	};
	rootObject = F771346320187EC300987952 /* Project object */;
}
